# This file is autogenerated, do not edit; changes may be undone by the next 'dep ensure'.


[[projects]]
  name = "github.com/davecgh/go-spew"
  packages = ["spew"]
  revision = "346938d642f2ec3594ed81d874461961cd0faa76"
  version = "v1.1.0"

[[projects]]
  branch = "master"
  name = "github.com/golang/lint"
  packages = ["."]
  revision = "e14d9b0f1d332b1420c1ffa32562ad2dc84d645d"

[[projects]]
  name = "github.com/pmezard/go-difflib"
  packages = ["difflib"]
  revision = "792786c7400a136282c1664665ae0a8db921c6c2"
  version = "v1.0.0"

[[projects]]
  name = "github.com/stretchr/testify"
  packages = [
    "assert",
    "require",
    "suite"
  ]
  revision = "12b6f73e6084dad08a7c6e575284b177ecafbc71"
  version = "v1.2.1"

[[projects]]
  branch = "master"
  name = "golang.org/x/net"
  packages = ["context"]
  revision = "f5dfe339be1d06f81b22525fe34671ee7d2c8904"

[[projects]]
  branch = "master"
  name = "golang.org/x/tools"
  packages = [
    "go/gcexportdata",
    "go/gcimporter15",
    "go/types/typeutil"
  ]
  revision = "95b47aa5df4eda9bfbc0133f77c0e320f0275eba"

[solve-meta]
  analyzer-name = "dep"
  analyzer-version = 1
  inputs-digest = "2f046b167e98307814fb08edfe40dff049e9b6b80dcbe6c5eb2fe1a235c80e2d"
  solver-name = "gps-cdcl"
  solver-version = 1
